
Microsoft Visual Studio Solution File, Format Version 12.00
# Visual Studio 15
VisualStudioVersion = 15.0.27703.2035
MinimumVisualStudioVersion = 10.0.40219.1
Project("{FAE04EC0-301F-11D3-BF4B-00C04F79EFBC}") = "Vidley", "Vidley\Vidley.csproj", "{0763B43C-7648-4773-9D90-9B28D6809F6C}"
EndProject
Global
	GlobalSection(SolutionConfigurationPlatforms) = preSolution
		Debug|Any CPU = Debug|Any CPU
		Release|Any CPU = Release|Any CPU
	EndGlobalSection
	GlobalSection(ProjectConfigurationPlatforms) = postSolution
		{0763B43C-7648-4773-9D90-9B28D6809F6C}.Debug|Any CPU.ActiveCfg = Debug|Any CPU
		{0763B43C-7648-4773-9D90-9B28D6809F6C}.Debug|Any CPU.Build.0 = Debug|Any CPU
		{0763B43C-7648-4773-9D90-9B28D6809F6C}.Release|Any CPU.ActiveCfg = Release|Any CPU
		{0763B43C-7648-4773-9D90-9B28D6809F6C}.Release|Any CPU.Build.0 = Release|Any CPU
	EndGlobalSection
	GlobalSection(SolutionProperties) = preSolution
		HideSolutionNode = FALSE
	EndGlobalSection
	GlobalSection(ExtensibilityGlobals) = postSolution
		SolutionGuid = {C7FF7AA8-74D3-49D2-89ED-B2CE5043EF3F}
	EndGlobalSection
EndGlobal
